
Microsoft Visual Studio Solution File, Format Version 12.00
# Visual Studio Version 17
VisualStudioVersion = 17.1.32328.378
MinimumVisualStudioVersion = 10.0.40219.1
Project("{9A19103F-16F7-4668-BE54-9A1E7A4F7556}") = "npplayersmod", "npplayersmod.csproj", "{9CE2F1E9-606E-41EE-976C-B07CFF645A75}"
EndProject
Global
	GlobalSection(SolutionConfigurationPlatforms) = preSolution
		Debug|Any CPU = Debug|Any CPU
		Release|Any CPU = Release|Any CPU
	EndGlobalSection
	GlobalSection(ProjectConfigurationPlatforms) = postSolution
		{9CE2F1E9-606E-41EE-976C-B07CFF645A75}.Debug|Any CPU.ActiveCfg = Debug|Any CPU
		{9CE2F1E9-606E-41EE-976C-B07CFF645A75}.Debug|Any CPU.Build.0 = Debug|Any CPU
		{9CE2F1E9-606E-41EE-976C-B07CFF645A75}.Release|Any CPU.ActiveCfg = Release|Any CPU
		{9CE2F1E9-606E-41EE-976C-B07CFF645A75}.Release|Any CPU.Build.0 = Release|Any CPU
	EndGlobalSection
	GlobalSection(SolutionProperties) = preSolution
		HideSolutionNode = FALSE
	EndGlobalSection
	GlobalSection(ExtensibilityGlobals) = postSolution
		SolutionGuid = {B3ADBE97-E82E-43BC-BD54-3089C0837592}
	EndGlobalSection
EndGlobal
